
Microsoft Visual Studio Solution File, Format Version 12.00
# Visual Studio Version 16
VisualStudioVersion = 16.0.31129.286
MinimumVisualStudioVersion = 10.0.40219.1
Project("{FAE04EC0-301F-11D3-BF4B-00C04F79EFBC}") = "FlappyBirds", "FlappyBirds.csproj", "{EE95A8FF-F82A-488A-9B31-1F772D14D8C0}"
EndProject
Global
	GlobalSection(SolutionConfigurationPlatforms) = preSolution
		Debug|Any CPU = Debug|Any CPU
		Release|Any CPU = Release|Any CPU
	EndGlobalSection
	GlobalSection(ProjectConfigurationPlatforms) = postSolution
		{EE95A8FF-F82A-488A-9B31-1F772D14D8C0}.Debug|Any CPU.ActiveCfg = Debug|Any CPU
		{EE95A8FF-F82A-488A-9B31-1F772D14D8C0}.Debug|Any CPU.Build.0 = Debug|Any CPU
		{EE95A8FF-F82A-488A-9B31-1F772D14D8C0}.Release|Any CPU.ActiveCfg = Release|Any CPU
		{EE95A8FF-F82A-488A-9B31-1F772D14D8C0}.Release|Any CPU.Build.0 = Release|Any CPU
	EndGlobalSection
	GlobalSection(SolutionProperties) = preSolution
		HideSolutionNode = FALSE
	EndGlobalSection
	GlobalSection(ExtensibilityGlobals) = postSolution
		SolutionGuid = {C00F7DA1-0EAD-498D-BF3B-7D362C2FECC7}
	EndGlobalSection
EndGlobal
